
Microsoft Visual Studio Solution File, Format Version 12.00
# Visual Studio Version 16
VisualStudioVersion = 16.0.33130.400
MinimumVisualStudioVersion = 10.0.40219.1
Project("{FAE04EC0-301F-11D3-BF4B-00C04F79EFBC}") = "WixTask", "WixTask\WixTask.csproj", "{B28A3089-82C0-4C88-A5AC-4EC04D1DD8F0}"
EndProject
Global
	GlobalSection(SolutionConfigurationPlatforms) = preSolution
		Debug|Any CPU = Debug|Any CPU
		Release|Any CPU = Release|Any CPU
	EndGlobalSection
	GlobalSection(ProjectConfigurationPlatforms) = postSolution
		{B28A3089-82C0-4C88-A5AC-4EC04D1DD8F0}.Debug|Any CPU.ActiveCfg = Debug|Any CPU
		{B28A3089-82C0-4C88-A5AC-4EC04D1DD8F0}.Debug|Any CPU.Build.0 = Debug|Any CPU
		{B28A3089-82C0-4C88-A5AC-4EC04D1DD8F0}.Release|Any CPU.ActiveCfg = Release|Any CPU
		{B28A3089-82C0-4C88-A5AC-4EC04D1DD8F0}.Release|Any CPU.Build.0 = Release|Any CPU
	EndGlobalSection
	GlobalSection(SolutionProperties) = preSolution
		HideSolutionNode = FALSE
	EndGlobalSection
	GlobalSection(ExtensibilityGlobals) = postSolution
		SolutionGuid = {4CBDB6D3-EF33-46FE-BDAB-62205EDD88FA}
	EndGlobalSection
EndGlobal
